
Microsoft Visual Studio Solution File, Format Version 11.00
# Visual Studio 2010
Project("{FAE04EC0-301F-11D3-BF4B-00C04F79EFBC}") = "RezaDemo", "RezaDemo\RezaDemo.csproj", "{A2816401-ACFE-4673-B723-C5E5B1941EB5}"
EndProject
Global
	GlobalSection(SolutionConfigurationPlatforms) = preSolution
		Debug|iPhoneSimulator = Debug|iPhoneSimulator
		Release|iPhoneSimulator = Release|iPhoneSimulator
		Debug|iPhone = Debug|iPhone
		Release|iPhone = Release|iPhone
		Ad-Hoc|iPhone = Ad-Hoc|iPhone
		AppStore|iPhone = AppStore|iPhone
	EndGlobalSection
	GlobalSection(ProjectConfigurationPlatforms) = postSolution
		{A2816401-ACFE-4673-B723-C5E5B1941EB5}.Ad-Hoc|iPhone.ActiveCfg = Ad-Hoc|iPhone
		{A2816401-ACFE-4673-B723-C5E5B1941EB5}.Ad-Hoc|iPhone.Build.0 = Ad-Hoc|iPhone
		{A2816401-ACFE-4673-B723-C5E5B1941EB5}.AppStore|iPhone.ActiveCfg = AppStore|iPhone
		{A2816401-ACFE-4673-B723-C5E5B1941EB5}.AppStore|iPhone.Build.0 = AppStore|iPhone
		{A2816401-ACFE-4673-B723-C5E5B1941EB5}.Debug|iPhone.ActiveCfg = Debug|iPhone
		{A2816401-ACFE-4673-B723-C5E5B1941EB5}.Debug|iPhone.Build.0 = Debug|iPhone
		{A2816401-ACFE-4673-B723-C5E5B1941EB5}.Debug|iPhoneSimulator.ActiveCfg = Debug|iPhoneSimulator
		{A2816401-ACFE-4673-B723-C5E5B1941EB5}.Debug|iPhoneSimulator.Build.0 = Debug|iPhoneSimulator
		{A2816401-ACFE-4673-B723-C5E5B1941EB5}.Release|iPhone.ActiveCfg = Release|iPhone
		{A2816401-ACFE-4673-B723-C5E5B1941EB5}.Release|iPhone.Build.0 = Release|iPhone
		{A2816401-ACFE-4673-B723-C5E5B1941EB5}.Release|iPhoneSimulator.ActiveCfg = Release|iPhoneSimulator
		{A2816401-ACFE-4673-B723-C5E5B1941EB5}.Release|iPhoneSimulator.Build.0 = Release|iPhoneSimulator
	EndGlobalSection
	GlobalSection(MonoDevelopProperties) = preSolution
		StartupItem = RezaDemo\RezaDemo.csproj
	EndGlobalSection
EndGlobal
